# THIS IS AN AUTOGENERATED FILE. DO NOT EDIT THIS FILE DIRECTLY.
# yarn lockfile v1


c3@^0.4.11:
  version "0.4.15"
  resolved "https://registry.yarnpkg.com/c3/-/c3-0.4.15.tgz#747c47b33739d0f92bf4b5ddcce2bffff4fd4a31"
  dependencies:
    d3 "~3.5.0"

d3@~3.5.0:
  version "3.5.17"
  resolved "https://registry.yarnpkg.com/d3/-/d3-3.5.17.tgz#bc46748004378b21a360c9fc7cf5231790762fb8"

moment@^2.15.2:
  version "2.18.1"
  resolved "https://registry.yarnpkg.com/moment/-/moment-2.18.1.tgz#c36193dd3ce1c2eed2adb7c802dbbc77a81b1c0f"
